
Microsoft Visual Studio Solution File, Format Version 12.00
# Visual Studio Version 16
VisualStudioVersion = 16.0.28803.202
MinimumVisualStudioVersion = 10.0.40219.1
Project("{FAE04EC0-301F-11D3-BF4B-00C04F79EFBC}") = "ORD_TOOL", "ORD_SAL_v1.0\ORD_TOOL.csproj", "{5A5015F3-9FCD-48DD-B6A0-CCD08CD6AC7F}"
EndProject
Project("{FAE04EC0-301F-11D3-BF4B-00C04F79EFBC}") = "CirnoLib", "..\CirnoLib\CirnoLib\CirnoLib.csproj", "{EC749998-E306-4DB9-A6CB-9692DC918B6B}"
EndProject
Global
	GlobalSection(SolutionConfigurationPlatforms) = preSolution
		Debug|Any CPU = Debug|Any CPU
		Debug|x86 = Debug|x86
		Release|Any CPU = Release|Any CPU
		Release|x86 = Release|x86
	EndGlobalSection
	GlobalSection(ProjectConfigurationPlatforms) = postSolution
		{5A5015F3-9FCD-48DD-B6A0-CCD08CD6AC7F}.Debug|Any CPU.ActiveCfg = Debug|Any CPU
		{5A5015F3-9FCD-48DD-B6A0-CCD08CD6AC7F}.Debug|Any CPU.Build.0 = Debug|Any CPU
		{5A5015F3-9FCD-48DD-B6A0-CCD08CD6AC7F}.Debug|x86.ActiveCfg = Debug|Any CPU
		{5A5015F3-9FCD-48DD-B6A0-CCD08CD6AC7F}.Debug|x86.Build.0 = Debug|Any CPU
		{5A5015F3-9FCD-48DD-B6A0-CCD08CD6AC7F}.Release|Any CPU.ActiveCfg = Release|Any CPU
		{5A5015F3-9FCD-48DD-B6A0-CCD08CD6AC7F}.Release|Any CPU.Build.0 = Release|Any CPU
		{5A5015F3-9FCD-48DD-B6A0-CCD08CD6AC7F}.Release|x86.ActiveCfg = Release|Any CPU
		{5A5015F3-9FCD-48DD-B6A0-CCD08CD6AC7F}.Release|x86.Build.0 = Release|Any CPU
		{EC749998-E306-4DB9-A6CB-9692DC918B6B}.Debug|Any CPU.ActiveCfg = Debug|Any CPU
		{EC749998-E306-4DB9-A6CB-9692DC918B6B}.Debug|Any CPU.Build.0 = Debug|Any CPU
		{EC749998-E306-4DB9-A6CB-9692DC918B6B}.Debug|x86.ActiveCfg = Debug|Any CPU
		{EC749998-E306-4DB9-A6CB-9692DC918B6B}.Debug|x86.Build.0 = Debug|Any CPU
		{EC749998-E306-4DB9-A6CB-9692DC918B6B}.Release|Any CPU.ActiveCfg = Release|Any CPU
		{EC749998-E306-4DB9-A6CB-9692DC918B6B}.Release|Any CPU.Build.0 = Release|Any CPU
		{EC749998-E306-4DB9-A6CB-9692DC918B6B}.Release|x86.ActiveCfg = Release|x86
		{EC749998-E306-4DB9-A6CB-9692DC918B6B}.Release|x86.Build.0 = Release|x86
	EndGlobalSection
	GlobalSection(SolutionProperties) = preSolution
		HideSolutionNode = FALSE
	EndGlobalSection
	GlobalSection(ExtensibilityGlobals) = postSolution
		SolutionGuid = {13AA6EB6-3B6D-49B3-BDBC-2B8BD0B0108F}
	EndGlobalSection
EndGlobal
